
Microsoft Visual Studio Solution File, Format Version 12.00
# Visual Studio Version 17
VisualStudioVersion = 17.14.36212.18
MinimumVisualStudioVersion = 10.0.40219.1
Project("{FAE04EC0-301F-11D3-BF4B-00C04F79EFBC}") = "USWDS.Server", "USWDS\USWDS.Server.csproj", "{75ED4672-2184-4CFB-9A20-08B8C33E2199}"
EndProject
Project("{FAE04EC0-301F-11D3-BF4B-00C04F79EFBC}") = "USWDSSample.Client", "USWDSSample.Client\USWDSSample.Client.csproj", "{B731D9E8-41FF-45E1-B952-CD7F471D7733}"
EndProject
Global
	GlobalSection(SolutionConfigurationPlatforms) = preSolution
		Debug|Any CPU = Debug|Any CPU
		Release|Any CPU = Release|Any CPU
	EndGlobalSection
	GlobalSection(ProjectConfigurationPlatforms) = postSolution
		{75ED4672-2184-4CFB-9A20-08B8C33E2199}.Debug|Any CPU.ActiveCfg = Debug|Any CPU
		{75ED4672-2184-4CFB-9A20-08B8C33E2199}.Debug|Any CPU.Build.0 = Debug|Any CPU
		{75ED4672-2184-4CFB-9A20-08B8C33E2199}.Release|Any CPU.ActiveCfg = Release|Any CPU
		{75ED4672-2184-4CFB-9A20-08B8C33E2199}.Release|Any CPU.Build.0 = Release|Any CPU
		{B731D9E8-41FF-45E1-B952-CD7F471D7733}.Debug|Any CPU.ActiveCfg = Debug|Any CPU
		{B731D9E8-41FF-45E1-B952-CD7F471D7733}.Debug|Any CPU.Build.0 = Debug|Any CPU
		{B731D9E8-41FF-45E1-B952-CD7F471D7733}.Release|Any CPU.ActiveCfg = Release|Any CPU
		{B731D9E8-41FF-45E1-B952-CD7F471D7733}.Release|Any CPU.Build.0 = Release|Any CPU
	EndGlobalSection
	GlobalSection(SolutionProperties) = preSolution
		HideSolutionNode = FALSE
	EndGlobalSection
	GlobalSection(ExtensibilityGlobals) = postSolution
		SolutionGuid = {05BDADEA-CA44-4A5A-B03E-E556AE567AF7}
	EndGlobalSection
EndGlobal
